{
  "object": {
    "pins": [
      {
        "package": "KlarnaMobileSDK",
        "repositoryURL": "https://github.com/klarna/klarna-mobile-sdk",
        "state": {
          "branch": null,
          "revision": "04e72f9bb263299491f9c3ad3bcb2200b7974345",
          "version": "2.0.28"
        }
      }
    ]
  },
  "version": 1
}
